// !$*UTF8*$!
{
	archiveVersion = 1;
	classes = {
	};
	objectVersion = 50;
	objects = {

/* Begin PBXBuildFile section */
		9B789DDD211B683700B04DB1 /* AppDelegate.swift in Sources */ = {isa = PBXBuildFile; fileRef = 9B789DDC211B683700B04DB1 /* AppDelegate.swift */; };
		9B789DDF211B683700B04DB1 /* SplashViewController.swift in Sources */ = {isa = PBXBuildFile; fileRef = 9B789DDE211B683700B04DB1 /* SplashViewController.swift */; };
		9B789DE2211B683700B04DB1 /* Main.storyboard in Resources */ = {isa = PBXBuildFile; fileRef = 9B789DE0211B683700B04DB1 /* Main.storyboard */; };
		9B789DE4211B683700B04DB1 /* Assets.xcassets in Resources */ = {isa = PBXBuildFile; fileRef = 9B789DE3211B683700B04DB1 /* Assets.xcassets */; };
		9B789DE7211B683700B04DB1 /* LaunchScreen.storyboard in Resources */ = {isa = PBXBuildFile; fileRef = 9B789DE5211B683700B04DB1 /* LaunchScreen.storyboard */; };
		9B789DF2211B683700B04DB1 /* AssignmentClassTests.swift in Sources */ = {isa = PBXBuildFile; fileRef = 9B789DF1211B683700B04DB1 /* AssignmentClassTests.swift */; };
		9B789DFD211B683700B04DB1 /* AssignmentClassUITests.swift in Sources */ = {isa = PBXBuildFile; fileRef = 9B789DFC211B683700B04DB1 /* AssignmentClassUITests.swift */; };
		9B789E0F211B77B400B04DB1 /* LoginViewController.swift in Sources */ = {isa = PBXBuildFile; fileRef = 9B789E0E211B77B400B04DB1 /* LoginViewController.swift */; };
		9B789E11211B796C00B04DB1 /* ElectricityBillsViewController.swift in Sources */ = {isa = PBXBuildFile; fileRef = 9B789E10211B796C00B04DB1 /* ElectricityBillsViewController.swift */; };
		9B789E13211B7E5500B04DB1 /* BillDetailViewController.swift in Sources */ = {isa = PBXBuildFile; fileRef = 9B789E12211B7E5500B04DB1 /* BillDetailViewController.swift */; };
		9B789E18211B82F800B04DB1 /* ElecrticityBills.swift in Sources */ = {isa = PBXBuildFile; fileRef = 9B789E17211B82F800B04DB1 /* ElecrticityBills.swift */; };
/* End PBXBuildFile section */

/* Begin PBXContainerItemProxy section */
		9B789DEE211B683700B04DB1 /* PBXContainerItemProxy */ = {
			isa = PBXContainerItemProxy;
			containerPortal = 9B789DD1211B683600B04DB1 /* Project object */;
			proxyType = 1;
			remoteGlobalIDString = 9B789DD8211B683700B04DB1;
			remoteInfo = AssignmentClass;
		};
		9B789DF9211B683700B04DB1 /* PBXContainerItemProxy */ = {
			isa = PBXContainerItemProxy;
			containerPortal = 9B789DD1211B683600B04DB1 /* Project object */;
			proxyType = 1;
			remoteGlobalIDString = 9B789DD8211B683700B04DB1;
			remoteInfo = AssignmentClass;
		};
/* End PBXContainerItemProxy section */

/* Begin PBXFileReference section */
		9B789DD9211B683700B04DB1 /* AssignmentClass.app */ = {isa = PBXFileReference; explicitFileType = wrapper.application; includeInIndex = 0; path = AssignmentClass.app; sourceTree = BUILT_PRODUCTS_DIR; };
		9B789DDC211B683700B04DB1 /* AppDelegate.swift */ = {isa = PBXFileReference; lastKnownFileType = sourcecode.swift; path = AppDelegate.swift; sourceTree = "<group>"; };
		9B789DDE211B683700B04DB1 /* SplashViewController.swift */ = {isa = PBXFileReference; lastKnownFileType = sourcecode.swift; path = SplashViewController.swift; sourceTree = "<group>"; };
		9B789DE1211B683700B04DB1 /* Base */ = {isa = PBXFileReference; lastKnownFileType = file.storyboard; name = Base; path = Base.lproj/Main.storyboard; sourceTree = "<group>"; };
		9B789DE3211B683700B04DB1 /* Assets.xcassets */ = {isa = PBXFileReference; lastKnownFileType = folder.assetcatalog; path = Assets.xcassets; sourceTree = "<group>"; };
		9B789DE6211B683700B04DB1 /* Base */ = {isa = PBXFileReference; lastKnownFileType = file.storyboard; name = Base; path = Base.lproj/LaunchScreen.storyboard; sourceTree = "<group>"; };
		9B789DE8211B683700B04DB1 /* Info.plist */ = {isa = PBXFileReference; lastKnownFileType = text.plist.xml; path = Info.plist; sourceTree = "<group>"; };
		9B789DED211B683700B04DB1 /* AssignmentClassTests.xctest */ = {isa = PBXFileReference; explicitFileType = wrapper.cfbundle; includeInIndex = 0; path = AssignmentClassTests.xctest; sourceTree = BUILT_PRODUCTS_DIR; };
		9B789DF1211B683700B04DB1 /* AssignmentClassTests.swift */ = {isa = PBXFileReference; lastKnownFileType = sourcecode.swift; path = AssignmentClassTests.swift; sourceTree = "<group>"; };
		9B789DF3211B683700B04DB1 /* Info.plist */ = {isa = PBXFileReference; lastKnownFileType = text.plist.xml; path = Info.plist; sourceTree = "<group>"; };
		9B789DF8211B683700B04DB1 /* AssignmentClassUITests.xctest */ = {isa = PBXFileReference; explicitFileType = wrapper.cfbundle; includeInIndex = 0; path = AssignmentClassUITests.xctest; sourceTree = BUILT_PRODUCTS_DIR; };
		9B789DFC211B683700B04DB1 /* AssignmentClassUITests.swift */ = {isa = PBXFileReference; lastKnownFileType = sourcecode.swift; path = AssignmentClassUITests.swift; sourceTree = "<group>"; };
		9B789DFE211B683700B04DB1 /* Info.plist */ = {isa = PBXFileReference; lastKnownFileType = text.plist.xml; path = Info.plist; sourceTree = "<group>"; };
		9B789E0E211B77B400B04DB1 /* LoginViewController.swift */ = {isa = PBXFileReference; lastKnownFileType = sourcecode.swift; path = LoginViewController.swift; sourceTree = "<group>"; };
		9B789E10211B796C00B04DB1 /* ElectricityBillsViewController.swift */ = {isa = PBXFileReference; lastKnownFileType = sourcecode.swift; path = ElectricityBillsViewController.swift; sourceTree = SOURCE_ROOT; };
		9B789E12211B7E5500B04DB1 /* BillDetailViewController.swift */ = {isa = PBXFileReference; lastKnownFileType = sourcecode.swift; path = BillDetailViewController.swift; sourceTree = "<group>"; };
		9B789E17211B82F800B04DB1 /* ElecrticityBills.swift */ = {isa = PBXFileReference; lastKnownFileType = sourcecode.swift; path = ElecrticityBills.swift; sourceTree = "<group>"; };
/* End PBXFileReference section */

/* Begin PBXFrameworksBuildPhase section */
		9B789DD6211B683700B04DB1 /* Frameworks */ = {
			isa = PBXFrameworksBuildPhase;
			buildActionMask = 2147483647;
			files = (
			);
			runOnlyForDeploymentPostprocessing = 0;
		};
		9B789DEA211B683700B04DB1 /* Frameworks */ = {
			isa = PBXFrameworksBuildPhase;
			buildActionMask = 2147483647;
			files = (
			);
			runOnlyForDeploymentPostprocessing = 0;
		};
		9B789DF5211B683700B04DB1 /* Frameworks */ = {
			isa = PBXFrameworksBuildPhase;
			buildActionMask = 2147483647;
			files = (
			);
			runOnlyForDeploymentPostprocessing = 0;
		};
/* End PBXFrameworksBuildPhase section */

/* Begin PBXGroup section */
		9B789DD0211B683600B04DB1 = {
			isa = PBXGroup;
			children = (
				9B789DDB211B683700B04DB1 /* AssignmentClass */,
				9B789DFB211B683700B04DB1 /* AssignmentClassUITests */,
				9B789DDA211B683700B04DB1 /* Products */,
			);
			sourceTree = "<group>";
		};
		9B789DDA211B683700B04DB1 /* Products */ = {
			isa = PBXGroup;
			children = (
				9B789DD9211B683700B04DB1 /* AssignmentClass.app */,
				9B789DED211B683700B04DB1 /* AssignmentClassTests.xctest */,
				9B789DF8211B683700B04DB1 /* AssignmentClassUITests.xctest */,
			);
			name = Products;
			sourceTree = "<group>";
		};
		9B789DDB211B683700B04DB1 /* AssignmentClass */ = {
			isa = PBXGroup;
			children = (
				9B789E14211B827D00B04DB1 /* Models */,
				9B789DDC211B683700B04DB1 /* AppDelegate.swift */,
				9B789DDE211B683700B04DB1 /* SplashViewController.swift */,
				9B789DE0211B683700B04DB1 /* Main.storyboard */,
				9B789DE3211B683700B04DB1 /* Assets.xcassets */,
				9B789DE5211B683700B04DB1 /* LaunchScreen.storyboard */,
				9B789DE8211B683700B04DB1 /* Info.plist */,
				9B789DF0211B683700B04DB1 /* AssignmentClassTests */,
				9B789E0E211B77B400B04DB1 /* LoginViewController.swift */,
				9B789E10211B796C00B04DB1 /* ElectricityBillsViewController.swift */,
				9B789E12211B7E5500B04DB1 /* BillDetailViewController.swift */,
			);
			path = AssignmentClass;
			sourceTree = "<group>";
		};
		9B789DF0211B683700B04DB1 /* AssignmentClassTests */ = {
			isa = PBXGroup;
			children = (
				9B789DF1211B683700B04DB1 /* AssignmentClassTests.swift */,
				9B789DF3211B683700B04DB1 /* Info.plist */,
			);
			path = AssignmentClassTests;
			sourceTree = "<group>";
		};
		9B789DFB211B683700B04DB1 /* AssignmentClassUITests */ = {
			isa = PBXGroup;
			children = (
				9B789DFC211B683700B04DB1 /* AssignmentClassUITests.swift */,
				9B789DFE211B683700B04DB1 /* Info.plist */,
			);
			path = AssignmentClassUITests;
			sourceTree = "<group>";
		};
		9B789E14211B827D00B04DB1 /* Models */ = {
			isa = PBXGroup;
			children = (
				9B789E17211B82F800B04DB1 /* ElecrticityBills.swift */,
			);
			path = Models;
			sourceTree = "<group>";
		};
/* End PBXGroup section */

/* Begin PBXNativeTarget section */
		9B789DD8211B683700B04DB1 /* AssignmentClass */ = {
			isa = PBXNativeTarget;
			buildConfigurationList = 9B789E01211B683700B04DB1 /* Build configuration list for PBXNativeTarget "AssignmentClass" */;
			buildPhases = (
				9B789DD5211B683700B04DB1 /* Sources */,
				9B789DD6211B683700B04DB1 /* Frameworks */,
				9B789DD7211B683700B04DB1 /* Resources */,
			);
			buildRules = (
			);
			dependencies = (
			);
			name = AssignmentClass;
			productName = AssignmentClass;
			productReference = 9B789DD9211B683700B04DB1 /* AssignmentClass.app */;
			productType = "com.apple.product-type.application";
		};
		9B789DEC211B683700B04DB1 /* AssignmentClassTests */ = {
			isa = PBXNativeTarget;
			buildConfigurationList = 9B789E04211B683700B04DB1 /* Build configuration list for PBXNativeTarget "AssignmentClassTests" */;
			buildPhases = (
				9B789DE9211B683700B04DB1 /* Sources */,
				9B789DEA211B683700B04DB1 /* Frameworks */,
				9B789DEB211B683700B04DB1 /* Resources */,
			);
			buildRules = (
			);
			dependencies = (
				9B789DEF211B683700B04DB1 /* PBXTargetDependency */,
			);
			name = AssignmentClassTests;
			productName = AssignmentClassTests;
			productReference = 9B789DED211B683700B04DB1 /* AssignmentClassTests.xctest */;
			productType = "com.apple.product-type.bundle.unit-test";
		};
		9B789DF7211B683700B04DB1 /* AssignmentClassUITests */ = {
			isa = PBXNativeTarget;
			buildConfigurationList = 9B789E07211B683700B04DB1 /* Build configuration list for PBXNativeTarget "AssignmentClassUITests" */;
			buildPhases = (
				9B789DF4211B683700B04DB1 /* Sources */,
				9B789DF5211B683700B04DB1 /* Frameworks */,
				9B789DF6211B683700B04DB1 /* Resources */,
			);
			buildRules = (
			);
			dependencies = (
				9B789DFA211B683700B04DB1 /* PBXTargetDependency */,
			);
			name = AssignmentClassUITests;
			productName = AssignmentClassUITests;
			productReference = 9B789DF8211B683700B04DB1 /* AssignmentClassUITests.xctest */;
			productType = "com.apple.product-type.bundle.ui-testing";
		};
/* End PBXNativeTarget section */

/* Begin PBXProject section */
		9B789DD1211B683600B04DB1 /* Project object */ = {
			isa = PBXProject;
			attributes = {
				LastSwiftUpdateCheck = 0930;
				LastUpgradeCheck = 0930;
				ORGANIZATIONNAME = Akshdeep;
				TargetAttributes = {
					9B789DD8211B683700B04DB1 = {
						CreatedOnToolsVersion = 9.3;
					};
					9B789DEC211B683700B04DB1 = {
						CreatedOnToolsVersion = 9.3;
						TestTargetID = 9B789DD8211B683700B04DB1;
					};
					9B789DF7211B683700B04DB1 = {
						CreatedOnToolsVersion = 9.3;
						TestTargetID = 9B789DD8211B683700B04DB1;
					};
				};
			};
			buildConfigurationList = 9B789DD4211B683600B04DB1 /* Build configuration list for PBXProject "AssignmentClass" */;
			compatibilityVersion = "Xcode 9.3";
			developmentRegion = en;
			hasScannedForEncodings = 0;
			knownRegions = (
				en,
				Base,
			);
			mainGroup = 9B789DD0211B683600B04DB1;
			productRefGroup = 9B789DDA211B683700B04DB1 /* Products */;
			projectDirPath = "";
			projectRoot = "";
			targets = (
				9B789DD8211B683700B04DB1 /* AssignmentClass */,
				9B789DEC211B683700B04DB1 /* AssignmentClassTests */,
				9B789DF7211B683700B04DB1 /* AssignmentClassUITests */,
			);
		};
/* End PBXProject section */

/* Begin PBXResourcesBuildPhase section */
		9B789DD7211B683700B04DB1 /* Resources */ = {
			isa = PBXResourcesBuildPhase;
			buildActionMask = 2147483647;
			files = (
				9B789DE7211B683700B04DB1 /* LaunchScreen.storyboard in Resources */,
				9B789DE4211B683700B04DB1 /* Assets.xcassets in Resources */,
				9B789DE2211B683700B04DB1 /* Main.storyboard in Resources */,
			);
			runOnlyForDeploymentPostprocessing = 0;
		};
		9B789DEB211B683700B04DB1 /* Resources */ = {
			isa = PBXResourcesBuildPhase;
			buildActionMask = 2147483647;
			files = (
			);
			runOnlyForDeploymentPostprocessing = 0;
		};
		9B789DF6211B683700B04DB1 /* Resources */ = {
			isa = PBXResourcesBuildPhase;
			buildActionMask = 2147483647;
			files = (
			);
			runOnlyForDeploymentPostprocessing = 0;
		};
/* End PBXResourcesBuildPhase section */

/* Begin PBXSourcesBuildPhase section */
		9B789DD5211B683700B04DB1 /* Sources */ = {
			isa = PBXSourcesBuildPhase;
			buildActionMask = 2147483647;
			files = (
				9B789E18211B82F800B04DB1 /* ElecrticityBills.swift in Sources */,
				9B789E0F211B77B400B04DB1 /* LoginViewController.swift in Sources */,
				9B789E13211B7E5500B04DB1 /* BillDetailViewController.swift in Sources */,
				9B789E11211B796C00B04DB1 /* ElectricityBillsViewController.swift in Sources */,
				9B789DDF211B683700B04DB1 /* SplashViewController.swift in Sources */,
				9B789DDD211B683700B04DB1 /* AppDelegate.swift in Sources */,
			);
			runOnlyForDeploymentPostprocessing = 0;
		};
		9B789DE9211B683700B04DB1 /* Sources */ = {
			isa = PBXSourcesBuildPhase;
			buildActionMask = 2147483647;
			files = (
				9B789DF2211B683700B04DB1 /* AssignmentClassTests.swift in Sources */,
			);
			runOnlyForDeploymentPostprocessing = 0;
		};
		9B789DF4211B683700B04DB1 /* Sources */ = {
			isa = PBXSourcesBuildPhase;
			buildActionMask = 2147483647;
			files = (
				9B789DFD211B683700B04DB1 /* AssignmentClassUITests.swift in Sources */,
			);
			runOnlyForDeploymentPostprocessing = 0;
		};
/* End PBXSourcesBuildPhase section */

/* Begin PBXTargetDependency section */
		9B789DEF211B683700B04DB1 /* PBXTargetDependency */ = {
			isa = PBXTargetDependency;
			target = 9B789DD8211B683700B04DB1 /* AssignmentClass */;
			targetProxy = 9B789DEE211B683700B04DB1 /* PBXContainerItemProxy */;
		};
		9B789DFA211B683700B04DB1 /* PBXTargetDependency */ = {
			isa = PBXTargetDependency;
			target = 9B789DD8211B683700B04DB1 /* AssignmentClass */;
			targetProxy = 9B789DF9211B683700B04DB1 /* PBXContainerItemProxy */;
		};
/* End PBXTargetDependency section */

/* Begin PBXVariantGroup section */
		9B789DE0211B683700B04DB1 /* Main.storyboard */ = {
			isa = PBXVariantGroup;
			children = (
				9B789DE1211B683700B04DB1 /* Base */,
			);
			name = Main.storyboard;
			sourceTree = "<group>";
		};
		9B789DE5211B683700B04DB1 /* LaunchScreen.storyboard */ = {
			isa = PBXVariantGroup;
			children = (
				9B789DE6211B683700B04DB1 /* Base */,
			);
			name = LaunchScreen.storyboard;
			sourceTree = "<group>";
		};
/* End PBXVariantGroup section */

/* Begin XCBuildConfiguration section */
		9B789DFF211B683700B04DB1 /* Debug */ = {
			isa = XCBuildConfiguration;
			buildSettings = {
				ALWAYS_SEARCH_USER_PATHS = NO;
				CLANG_ANALYZER_NONNULL = YES;
				CLANG_ANALYZER_NUMBER_OBJECT_CONVERSION = YES_AGGRESSIVE;
				CLANG_CXX_LANGUAGE_STANDARD = "gnu++14";
				CLANG_CXX_LIBRARY = "libc++";
				CLANG_ENABLE_MODULES = YES;
				CLANG_ENABLE_OBJC_ARC = YES;
				CLANG_ENABLE_OBJC_WEAK = YES;
				CLANG_WARN_BLOCK_CAPTURE_AUTORELEASING = YES;
				CLANG_WARN_BOOL_CONVERSION = YES;
				CLANG_WARN_COMMA = YES;
				CLANG_WARN_CONSTANT_CONVERSION = YES;
				CLANG_WARN_DEPRECATED_OBJC_IMPLEMENTATIONS = YES;
				CLANG_WARN_DIRECT_OBJC_ISA_USAGE = YES_ERROR;
				CLANG_WARN_DOCUMENTATION_COMMENTS = YES;
				CLANG_WARN_EMPTY_BODY = YES;
				CLANG_WARN_ENUM_CONVERSION = YES;
				CLANG_WARN_INFINITE_RECURSION = YES;
				CLANG_WARN_INT_CONVERSION = YES;
				CLANG_WARN_NON_LITERAL_NULL_CONVERSION = YES;
				CLANG_WARN_OBJC_IMPLICIT_RETAIN_SELF = YES;
				CLANG_WARN_OBJC_LITERAL_CONVERSION = YES;
				CLANG_WARN_OBJC_ROOT_CLASS = YES_ERROR;
				CLANG_WARN_RANGE_LOOP_ANALYSIS = YES;
				CLANG_WARN_STRICT_PROTOTYPES = YES;
				CLANG_WARN_SUSPICIOUS_MOVE = YES;
				CLANG_WARN_UNGUARDED_AVAILABILITY = YES_AGGRESSIVE;
				CLANG_WARN_UNREACHABLE_CODE = YES;
				CLANG_WARN__DUPLICATE_METHOD_MATCH = YES;
				CODE_SIGN_IDENTITY = "iPhone Developer";
				COPY_PHASE_STRIP = NO;
				DEBUG_INFORMATION_FORMAT = dwarf;
				ENABLE_STRICT_OBJC_MSGSEND = YES;
				ENABLE_TESTABILITY = YES;
				GCC_C_LANGUAGE_STANDARD = gnu11;
				GCC_DYNAMIC_NO_PIC = NO;
				GCC_NO_COMMON_BLOCKS = YES;
				GCC_OPTIMIZATION_LEVEL = 0;
				GCC_PREPROCESSOR_DEFINITIONS = (
					"DEBUG=1",
					"$(inherited)",
				);
				GCC_WARN_64_TO_32_BIT_CONVERSION = YES;
				GCC_WARN_ABOUT_RETURN_TYPE = YES_ERROR;
				GCC_WARN_UNDECLARED_SELECTOR = YES;
				GCC_WARN_UNINITIALIZED_AUTOS = YES_AGGRESSIVE;
				GCC_WARN_UNUSED_FUNCTION = YES;
				GCC_WARN_UNUSED_VARIABLE = YES;
				IPHONEOS_DEPLOYMENT_TARGET = 11.3;
				MTL_ENABLE_DEBUG_INFO = YES;
				ONLY_ACTIVE_ARCH = YES;
				SDKROOT = iphoneos;
				SWIFT_ACTIVE_COMPILATION_CONDITIONS = DEBUG;
				SWIFT_OPTIMIZATION_LEVEL = "-Onone";
			};
			name = Debug;
		};
		9B789E00211B683700B04DB1 /* Release */ = {
			isa = XCBuildConfiguration;
			buildSettings = {
				ALWAYS_SEARCH_USER_PATHS = NO;
				CLANG_ANALYZER_NONNULL = YES;
				CLANG_ANALYZER_NUMBER_OBJECT_CONVERSION = YES_AGGRESSIVE;
				CLANG_CXX_LANGUAGE_STANDARD = "gnu++14";
				CLANG_CXX_LIBRARY = "libc++";
				CLANG_ENABLE_MODULES = YES;
				CLANG_ENABLE_OBJC_ARC = YES;
				CLANG_ENABLE_OBJC_WEAK = YES;
				CLANG_WARN_BLOCK_CAPTURE_AUTORELEASING = YES;
				CLANG_WARN_BOOL_CONVERSION = YES;
				CLANG_WARN_COMMA = YES;
				CLANG_WARN_CONSTANT_CONVERSION = YES;
				CLANG_WARN_DEPRECATED_OBJC_IMPLEMENTATIONS = YES;
				CLANG_WARN_DIRECT_OBJC_ISA_USAGE = YES_ERROR;
				CLANG_WARN_DOCUMENTATION_COMMENTS = YES;
				CLANG_WARN_EMPTY_BODY = YES;
				CLANG_WARN_ENUM_CONVERSION = YES;
				CLANG_WARN_INFINITE_RECURSION = YES;
				CLANG_WARN_INT_CONVERSION = YES;
				CLANG_WARN_NON_LITERAL_NULL_CONVERSION = YES;
				CLANG_WARN_OBJC_IMPLICIT_RETAIN_SELF = YES;
				CLANG_WARN_OBJC_LITERAL_CONVERSION = YES;
				CLANG_WARN_OBJC_ROOT_CLASS = YES_ERROR;
				CLANG_WARN_RANGE_LOOP_ANALYSIS = YES;
				CLANG_WARN_STRICT_PROTOTYPES = YES;
				CLANG_WARN_SUSPICIOUS_MOVE = YES;
				CLANG_WARN_UNGUARDED_AVAILABILITY = YES_AGGRESSIVE;
				CLANG_WARN_UNREACHABLE_CODE = YES;
				CLANG_WARN__DUPLICATE_METHOD_MATCH = YES;
				CODE_SIGN_IDENTITY = "iPhone Developer";
				COPY_PHASE_STRIP = NO;
				DEBUG_INFORMATION_FORMAT = "dwarf-with-dsym";
				ENABLE_NS_ASSERTIONS = NO;
				ENABLE_STRICT_OBJC_MSGSEND = YES;
				GCC_C_LANGUAGE_STANDARD = gnu11;
				GCC_NO_COMMON_BLOCKS = YES;
				GCC_WARN_64_TO_32_BIT_CONVERSION = YES;
				GCC_WARN_ABOUT_RETURN_TYPE = YES_ERROR;
				GCC_WARN_UNDECLARED_SELECTOR = YES;
				GCC_WARN_UNINITIALIZED_AUTOS = YES_AGGRESSIVE;
				GCC_WARN_UNUSED_FUNCTION = YES;
				GCC_WARN_UNUSED_VARIABLE = YES;
				IPHONEOS_DEPLOYMENT_TARGET = 11.3;
				MTL_ENABLE_DEBUG_INFO = NO;
				SDKROOT = iphoneos;
				SWIFT_COMPILATION_MODE = wholemodule;
				SWIFT_OPTIMIZATION_LEVEL = "-O";
				VALIDATE_PRODUCT = YES;
			};
			name = Release;
		};
		9B789E02211B683700B04DB1 /* Debug */ = {
			isa = XCBuildConfiguration;
			buildSettings = {
				ASSETCATALOG_COMPILER_APPICON_NAME = AppIcon;
				CODE_SIGN_STYLE = Automatic;
				INFOPLIST_FILE = AssignmentClass/Info.plist;
				LD_RUNPATH_SEARCH_PATHS = (
					"$(inherited)",
					"@executable_path/Frameworks",
				);
				PRODUCT_BUNDLE_IDENTIFIER = CestarCollege.AssignmentClass;
				PRODUCT_NAME = "$(TARGET_NAME)";
				SWIFT_VERSION = 4.0;
				TARGETED_DEVICE_FAMILY = "1,2";
			};
			name = Debug;
		};
		9B789E03211B683700B04DB1 /* Release */ = {
			isa = XCBuildConfiguration;
			buildSettings = {
				ASSETCATALOG_COMPILER_APPICON_NAME = AppIcon;
				CODE_SIGN_STYLE = Automatic;
				INFOPLIST_FILE = AssignmentClass/Info.plist;
				LD_RUNPATH_SEARCH_PATHS = (
					"$(inherited)",
					"@executable_path/Frameworks",
				);
				PRODUCT_BUNDLE_IDENTIFIER = CestarCollege.AssignmentClass;
				PRODUCT_NAME = "$(TARGET_NAME)";
				SWIFT_VERSION = 4.0;
				TARGETED_DEVICE_FAMILY = "1,2";
			};
			name = Release;
		};
		9B789E05211B683700B04DB1 /* Debug */ = {
			isa = XCBuildConfiguration;
			buildSettings = {
				ALWAYS_EMBED_SWIFT_STANDARD_LIBRARIES = YES;
				BUNDLE_LOADER = "$(TEST_HOST)";
				CODE_SIGN_STYLE = Automatic;
				INFOPLIST_FILE = AssignmentClassTests/Info.plist;
				LD_RUNPATH_SEARCH_PATHS = (
					"$(inherited)",
					"@executable_path/Frameworks",
					"@loader_path/Frameworks",
				);
				PRODUCT_BUNDLE_IDENTIFIER = CestarCollege.AssignmentClassTests;
				PRODUCT_NAME = "$(TARGET_NAME)";
				SWIFT_VERSION = 4.0;
				TARGETED_DEVICE_FAMILY = "1,2";
				TEST_HOST = "$(BUILT_PRODUCTS_DIR)/AssignmentClass.app/AssignmentClass";
			};
			name = Debug;
		};
		9B789E06211B683700B04DB1 /* Release */ = {
			isa = XCBuildConfiguration;
			buildSettings = {
				ALWAYS_EMBED_SWIFT_STANDARD_LIBRARIES = YES;
				BUNDLE_LOADER = "$(TEST_HOST)";
				CODE_SIGN_STYLE = Automatic;
				INFOPLIST_FILE = AssignmentClassTests/Info.plist;
				LD_RUNPATH_SEARCH_PATHS = (
					"$(inherited)",
					"@executable_path/Frameworks",
					"@loader_path/Frameworks",
				);
				PRODUCT_BUNDLE_IDENTIFIER = CestarCollege.AssignmentClassTests;
				PRODUCT_NAME = "$(TARGET_NAME)";
				SWIFT_VERSION = 4.0;
				TARGETED_DEVICE_FAMILY = "1,2";
				TEST_HOST = "$(BUILT_PRODUCTS_DIR)/AssignmentClass.app/AssignmentClass";
			};
			name = Release;
		};
		9B789E08211B683700B04DB1 /* Debug */ = {
			isa = XCBuildConfiguration;
			buildSettings = {
				ALWAYS_EMBED_SWIFT_STANDARD_LIBRARIES = YES;
				CODE_SIGN_STYLE = Automatic;
				INFOPLIST_FILE = AssignmentClassUITests/Info.plist;
				LD_RUNPATH_SEARCH_PATHS = (
					"$(inherited)",
					"@executable_path/Frameworks",
					"@loader_path/Frameworks",
				);
				PRODUCT_BUNDLE_IDENTIFIER = CestarCollege.AssignmentClassUITests;
				PRODUCT_NAME = "$(TARGET_NAME)";
				SWIFT_VERSION = 4.0;
				TARGETED_DEVICE_FAMILY = "1,2";
				TEST_TARGET_NAME = AssignmentClass;
			};
			name = Debug;
		};
		9B789E09211B683700B04DB1 /* Release */ = {
			isa = XCBuildConfiguration;
			buildSettings = {
				ALWAYS_EMBED_SWIFT_STANDARD_LIBRARIES = YES;
				CODE_SIGN_STYLE = Automatic;
				INFOPLIST_FILE = AssignmentClassUITests/Info.plist;
				LD_RUNPATH_SEARCH_PATHS = (
					"$(inherited)",
					"@executable_path/Frameworks",
					"@loader_path/Frameworks",
				);
				PRODUCT_BUNDLE_IDENTIFIER = CestarCollege.AssignmentClassUITests;
				PRODUCT_NAME = "$(TARGET_NAME)";
				SWIFT_VERSION = 4.0;
				TARGETED_DEVICE_FAMILY = "1,2";
				TEST_TARGET_NAME = AssignmentClass;
			};
			name = Release;
		};
/* End XCBuildConfiguration section */

/* Begin XCConfigurationList section */
		9B789DD4211B683600B04DB1 /* Build configuration list for PBXProject "AssignmentClass" */ = {
			isa = XCConfigurationList;
			buildConfigurations = (
				9B789DFF211B683700B04DB1 /* Debug */,
				9B789E00211B683700B04DB1 /* Release */,
			);
			defaultConfigurationIsVisible = 0;
			defaultConfigurationName = Release;
		};
		9B789E01211B683700B04DB1 /* Build configuration list for PBXNativeTarget "AssignmentClass" */ = {
			isa = XCConfigurationList;
			buildConfigurations = (
				9B789E02211B683700B04DB1 /* Debug */,
				9B789E03211B683700B04DB1 /* Release */,
			);
			defaultConfigurationIsVisible = 0;
			defaultConfigurationName = Release;
		};
		9B789E04211B683700B04DB1 /* Build configuration list for PBXNativeTarget "AssignmentClassTests" */ = {
			isa = XCConfigurationList;
			buildConfigurations = (
				9B789E05211B683700B04DB1 /* Debug */,
				9B789E06211B683700B04DB1 /* Release */,
			);
			defaultConfigurationIsVisible = 0;
			defaultConfigurationName = Release;
		};
		9B789E07211B683700B04DB1 /* Build configuration list for PBXNativeTarget "AssignmentClassUITests" */ = {
			isa = XCConfigurationList;
			buildConfigurations = (
				9B789E08211B683700B04DB1 /* Debug */,
				9B789E09211B683700B04DB1 /* Release */,
			);
			defaultConfigurationIsVisible = 0;
			defaultConfigurationName = Release;
		};
/* End XCConfigurationList section */
	};
	rootObject = 9B789DD1211B683600B04DB1 /* Project object */;
}
